
Microsoft Visual Studio Solution File, Format Version 12.00
# Visual Studio Version 16
VisualStudioVersion = 16.6.30114.105
MinimumVisualStudioVersion = 10.0.40219.1
Project("{9A19103F-16F7-4668-BE54-9A1E7A4F7556}") = "DocsDoc.Core", "Core\DocsDoc.Core.csproj", "{F6619733-641C-4B62-A962-090C2591931C}"
EndProject
Project("{9A19103F-16F7-4668-BE54-9A1E7A4F7556}") = "DocsDoc.DocsAnalyzer", "DocsAnalyzer\DocsDoc.DocsAnalyzer.csproj", "{E9024638-3143-401B-BD56-54F65668E705}"
EndProject
Project("{9A19103F-16F7-4668-BE54-9A1E7A4F7556}") = "DocsDoc.DocsAnalyzer.Test", "DocsAnayzer.Test\DocsDoc.DocsAnalyzer.Test.csproj", "{880B5FA6-4E61-4D3B-873E-3D49835004F2}"
EndProject
Project("{9A19103F-16F7-4668-BE54-9A1E7A4F7556}") = "DocsDoc.Documents.Service", "Document.Service\DocsDoc.Documents.Service.csproj", "{5E0927A8-2698-4DBF-A0B7-AB0483FD2979}"
EndProject
Project("{FAE04EC0-301F-11D3-BF4B-00C04F79EFBC}") = "DocsDoc.Files.Service", "Files.Service\DocsDoc.Files.Service.csproj", "{FE7019BF-BA53-4494-99A5-0EA30D6AE179}"
EndProject
Project("{2150E333-8FDC-42A3-9474-1A3956D46DE8}") = "SolutionItems", "SolutionItems", "{97343838-0407-4343-BDDE-A0A30B74603B}"
ProjectSection(SolutionItems) = preProject
	docker-compose.yml = docker-compose.yml
EndProjectSection
EndProject
Global
	GlobalSection(SolutionConfigurationPlatforms) = preSolution
		Debug|Any CPU = Debug|Any CPU
		Debug|x64 = Debug|x64
		Debug|x86 = Debug|x86
		Release|Any CPU = Release|Any CPU
		Release|x64 = Release|x64
		Release|x86 = Release|x86
	EndGlobalSection
	GlobalSection(ProjectConfigurationPlatforms) = postSolution
		{F6619733-641C-4B62-A962-090C2591931C}.Debug|Any CPU.ActiveCfg = Debug|Any CPU
		{F6619733-641C-4B62-A962-090C2591931C}.Debug|Any CPU.Build.0 = Debug|Any CPU
		{F6619733-641C-4B62-A962-090C2591931C}.Debug|x64.ActiveCfg = Debug|Any CPU
		{F6619733-641C-4B62-A962-090C2591931C}.Debug|x64.Build.0 = Debug|Any CPU
		{F6619733-641C-4B62-A962-090C2591931C}.Debug|x86.ActiveCfg = Debug|Any CPU
		{F6619733-641C-4B62-A962-090C2591931C}.Debug|x86.Build.0 = Debug|Any CPU
		{F6619733-641C-4B62-A962-090C2591931C}.Release|Any CPU.ActiveCfg = Release|Any CPU
		{F6619733-641C-4B62-A962-090C2591931C}.Release|Any CPU.Build.0 = Release|Any CPU
		{F6619733-641C-4B62-A962-090C2591931C}.Release|x64.ActiveCfg = Release|Any CPU
		{F6619733-641C-4B62-A962-090C2591931C}.Release|x64.Build.0 = Release|Any CPU
		{F6619733-641C-4B62-A962-090C2591931C}.Release|x86.ActiveCfg = Release|Any CPU
		{F6619733-641C-4B62-A962-090C2591931C}.Release|x86.Build.0 = Release|Any CPU
		{E9024638-3143-401B-BD56-54F65668E705}.Debug|Any CPU.ActiveCfg = Debug|Any CPU
		{E9024638-3143-401B-BD56-54F65668E705}.Debug|Any CPU.Build.0 = Debug|Any CPU
		{E9024638-3143-401B-BD56-54F65668E705}.Debug|x64.ActiveCfg = Debug|Any CPU
		{E9024638-3143-401B-BD56-54F65668E705}.Debug|x64.Build.0 = Debug|Any CPU
		{E9024638-3143-401B-BD56-54F65668E705}.Debug|x86.ActiveCfg = Debug|Any CPU
		{E9024638-3143-401B-BD56-54F65668E705}.Debug|x86.Build.0 = Debug|Any CPU
		{E9024638-3143-401B-BD56-54F65668E705}.Release|Any CPU.ActiveCfg = Release|Any CPU
		{E9024638-3143-401B-BD56-54F65668E705}.Release|Any CPU.Build.0 = Release|Any CPU
		{E9024638-3143-401B-BD56-54F65668E705}.Release|x64.ActiveCfg = Release|Any CPU
		{E9024638-3143-401B-BD56-54F65668E705}.Release|x64.Build.0 = Release|Any CPU
		{E9024638-3143-401B-BD56-54F65668E705}.Release|x86.ActiveCfg = Release|Any CPU
		{E9024638-3143-401B-BD56-54F65668E705}.Release|x86.Build.0 = Release|Any CPU
		{880B5FA6-4E61-4D3B-873E-3D49835004F2}.Debug|Any CPU.ActiveCfg = Debug|Any CPU
		{880B5FA6-4E61-4D3B-873E-3D49835004F2}.Debug|Any CPU.Build.0 = Debug|Any CPU
		{880B5FA6-4E61-4D3B-873E-3D49835004F2}.Debug|x64.ActiveCfg = Debug|Any CPU
		{880B5FA6-4E61-4D3B-873E-3D49835004F2}.Debug|x64.Build.0 = Debug|Any CPU
		{880B5FA6-4E61-4D3B-873E-3D49835004F2}.Debug|x86.ActiveCfg = Debug|Any CPU
		{880B5FA6-4E61-4D3B-873E-3D49835004F2}.Debug|x86.Build.0 = Debug|Any CPU
		{880B5FA6-4E61-4D3B-873E-3D49835004F2}.Release|Any CPU.ActiveCfg = Release|Any CPU
		{880B5FA6-4E61-4D3B-873E-3D49835004F2}.Release|Any CPU.Build.0 = Release|Any CPU
		{880B5FA6-4E61-4D3B-873E-3D49835004F2}.Release|x64.ActiveCfg = Release|Any CPU
		{880B5FA6-4E61-4D3B-873E-3D49835004F2}.Release|x64.Build.0 = Release|Any CPU
		{880B5FA6-4E61-4D3B-873E-3D49835004F2}.Release|x86.ActiveCfg = Release|Any CPU
		{880B5FA6-4E61-4D3B-873E-3D49835004F2}.Release|x86.Build.0 = Release|Any CPU
		{5E0927A8-2698-4DBF-A0B7-AB0483FD2979}.Debug|Any CPU.ActiveCfg = Debug|Any CPU
		{5E0927A8-2698-4DBF-A0B7-AB0483FD2979}.Debug|Any CPU.Build.0 = Debug|Any CPU
		{5E0927A8-2698-4DBF-A0B7-AB0483FD2979}.Debug|x64.ActiveCfg = Debug|Any CPU
		{5E0927A8-2698-4DBF-A0B7-AB0483FD2979}.Debug|x64.Build.0 = Debug|Any CPU
		{5E0927A8-2698-4DBF-A0B7-AB0483FD2979}.Debug|x86.ActiveCfg = Debug|Any CPU
		{5E0927A8-2698-4DBF-A0B7-AB0483FD2979}.Debug|x86.Build.0 = Debug|Any CPU
		{5E0927A8-2698-4DBF-A0B7-AB0483FD2979}.Release|Any CPU.ActiveCfg = Release|Any CPU
		{5E0927A8-2698-4DBF-A0B7-AB0483FD2979}.Release|Any CPU.Build.0 = Release|Any CPU
		{5E0927A8-2698-4DBF-A0B7-AB0483FD2979}.Release|x64.ActiveCfg = Release|Any CPU
		{5E0927A8-2698-4DBF-A0B7-AB0483FD2979}.Release|x64.Build.0 = Release|Any CPU
		{5E0927A8-2698-4DBF-A0B7-AB0483FD2979}.Release|x86.ActiveCfg = Release|Any CPU
		{5E0927A8-2698-4DBF-A0B7-AB0483FD2979}.Release|x86.Build.0 = Release|Any CPU
		{FE7019BF-BA53-4494-99A5-0EA30D6AE179}.Debug|Any CPU.ActiveCfg = Debug|Any CPU
		{FE7019BF-BA53-4494-99A5-0EA30D6AE179}.Debug|Any CPU.Build.0 = Debug|Any CPU
		{FE7019BF-BA53-4494-99A5-0EA30D6AE179}.Debug|x64.ActiveCfg = Debug|Any CPU
		{FE7019BF-BA53-4494-99A5-0EA30D6AE179}.Debug|x64.Build.0 = Debug|Any CPU
		{FE7019BF-BA53-4494-99A5-0EA30D6AE179}.Debug|x86.ActiveCfg = Debug|Any CPU
		{FE7019BF-BA53-4494-99A5-0EA30D6AE179}.Debug|x86.Build.0 = Debug|Any CPU
		{FE7019BF-BA53-4494-99A5-0EA30D6AE179}.Release|Any CPU.ActiveCfg = Release|Any CPU
		{FE7019BF-BA53-4494-99A5-0EA30D6AE179}.Release|Any CPU.Build.0 = Release|Any CPU
		{FE7019BF-BA53-4494-99A5-0EA30D6AE179}.Release|x64.ActiveCfg = Release|Any CPU
		{FE7019BF-BA53-4494-99A5-0EA30D6AE179}.Release|x64.Build.0 = Release|Any CPU
		{FE7019BF-BA53-4494-99A5-0EA30D6AE179}.Release|x86.ActiveCfg = Release|Any CPU
		{FE7019BF-BA53-4494-99A5-0EA30D6AE179}.Release|x86.Build.0 = Release|Any CPU
	EndGlobalSection
	GlobalSection(SolutionProperties) = preSolution
		HideSolutionNode = FALSE
	EndGlobalSection
	GlobalSection(ExtensibilityGlobals) = postSolution
		SolutionGuid = {89ABD829-293B-4738-8657-34E6C193FB67}
	EndGlobalSection
EndGlobal
